
Microsoft Visual Studio Solution File, Format Version 12.00
# Visual Studio 15
VisualStudioVersion = 15.0.26403.3
MinimumVisualStudioVersion = 10.0.40219.1
Project("{FAE04EC0-301F-11D3-BF4B-00C04F79EFBC}") = "ExcelToHtml", "ExcelToHtml\ExcelToHtml.csproj", "{3C6476A8-A156-4DB7-8ED5-6CD18DA32708}"
EndProject
Project("{FAE04EC0-301F-11D3-BF4B-00C04F79EFBC}") = "ExcelToHtml.console", "ExcelToHtml.console\ExcelToHtml.console.csproj", "{CEA40B00-BF81-4005-8715-EA196476FDBA}"
EndProject
Global
	GlobalSection(SolutionConfigurationPlatforms) = preSolution
		Debug|Any CPU = Debug|Any CPU
		Release|Any CPU = Release|Any CPU
	EndGlobalSection
	GlobalSection(ProjectConfigurationPlatforms) = postSolution
		{3C6476A8-A156-4DB7-8ED5-6CD18DA32708}.Debug|Any CPU.ActiveCfg = Debug|Any CPU
		{3C6476A8-A156-4DB7-8ED5-6CD18DA32708}.Debug|Any CPU.Build.0 = Debug|Any CPU
		{3C6476A8-A156-4DB7-8ED5-6CD18DA32708}.Release|Any CPU.ActiveCfg = Release|Any CPU
		{3C6476A8-A156-4DB7-8ED5-6CD18DA32708}.Release|Any CPU.Build.0 = Release|Any CPU
		{CEA40B00-BF81-4005-8715-EA196476FDBA}.Debug|Any CPU.ActiveCfg = Debug|Any CPU
		{CEA40B00-BF81-4005-8715-EA196476FDBA}.Debug|Any CPU.Build.0 = Debug|Any CPU
		{CEA40B00-BF81-4005-8715-EA196476FDBA}.Release|Any CPU.ActiveCfg = Release|Any CPU
		{CEA40B00-BF81-4005-8715-EA196476FDBA}.Release|Any CPU.Build.0 = Release|Any CPU
	EndGlobalSection
	GlobalSection(SolutionProperties) = preSolution
		HideSolutionNode = FALSE
	EndGlobalSection
EndGlobal
